// !$*UTF8*$!
{
	archiveVersion = 1;
	classes = {
	};
	objectVersion = 48;
	objects = {

/* Begin PBXBuildFile section */
		9FF644CF207FC02700AF291B /* AppDelegate.swift in Sources */ = {isa = PBXBuildFile; fileRef = 9FF644CE207FC02700AF291B /* AppDelegate.swift */; };
		9FF644D1207FC02700AF291B /* ViewController.swift in Sources */ = {isa = PBXBuildFile; fileRef = 9FF644D0207FC02700AF291B /* ViewController.swift */; };
		9FF644D4207FC02700AF291B /* Main.storyboard in Resources */ = {isa = PBXBuildFile; fileRef = 9FF644D2207FC02700AF291B /* Main.storyboard */; };
		9FF644D6207FC02700AF291B /* Assets.xcassets in Resources */ = {isa = PBXBuildFile; fileRef = 9FF644D5207FC02700AF291B /* Assets.xcassets */; };
		9FF644D9207FC02700AF291B /* LaunchScreen.storyboard in Resources */ = {isa = PBXBuildFile; fileRef = 9FF644D7207FC02700AF291B /* LaunchScreen.storyboard */; };
		9FF644E4207FC02700AF291B /* MazeTests.swift in Sources */ = {isa = PBXBuildFile; fileRef = 9FF644E3207FC02700AF291B /* MazeTests.swift */; };
		9FF644EF207FC02700AF291B /* MazeUITests.swift in Sources */ = {isa = PBXBuildFile; fileRef = 9FF644EE207FC02700AF291B /* MazeUITests.swift */; };
/* End PBXBuildFile section */

/* Begin PBXContainerItemProxy section */
		9FF644E0207FC02700AF291B /* PBXContainerItemProxy */ = {
			isa = PBXContainerItemProxy;
			containerPortal = 9FF644C3207FC02600AF291B /* Project object */;
			proxyType = 1;
			remoteGlobalIDString = 9FF644CA207FC02700AF291B;
			remoteInfo = Maze;
		};
		9FF644EB207FC02700AF291B /* PBXContainerItemProxy */ = {
			isa = PBXContainerItemProxy;
			containerPortal = 9FF644C3207FC02600AF291B /* Project object */;
			proxyType = 1;
			remoteGlobalIDString = 9FF644CA207FC02700AF291B;
			remoteInfo = Maze;
		};
/* End PBXContainerItemProxy section */

/* Begin PBXFileReference section */
		9FF644CB207FC02700AF291B /* Maze.app */ = {isa = PBXFileReference; explicitFileType = wrapper.application; includeInIndex = 0; path = Maze.app; sourceTree = BUILT_PRODUCTS_DIR; };
		9FF644CE207FC02700AF291B /* AppDelegate.swift */ = {isa = PBXFileReference; lastKnownFileType = sourcecode.swift; path = AppDelegate.swift; sourceTree = "<group>"; };
		9FF644D0207FC02700AF291B /* ViewController.swift */ = {isa = PBXFileReference; lastKnownFileType = sourcecode.swift; path = ViewController.swift; sourceTree = "<group>"; };
		9FF644D3207FC02700AF291B /* Base */ = {isa = PBXFileReference; lastKnownFileType = file.storyboard; name = Base; path = Base.lproj/Main.storyboard; sourceTree = "<group>"; };
		9FF644D5207FC02700AF291B /* Assets.xcassets */ = {isa = PBXFileReference; lastKnownFileType = folder.assetcatalog; path = Assets.xcassets; sourceTree = "<group>"; };
		9FF644D8207FC02700AF291B /* Base */ = {isa = PBXFileReference; lastKnownFileType = file.storyboard; name = Base; path = Base.lproj/LaunchScreen.storyboard; sourceTree = "<group>"; };
		9FF644DA207FC02700AF291B /* Info.plist */ = {isa = PBXFileReference; lastKnownFileType = text.plist.xml; path = Info.plist; sourceTree = "<group>"; };
		9FF644DF207FC02700AF291B /* MazeTests.xctest */ = {isa = PBXFileReference; explicitFileType = wrapper.cfbundle; includeInIndex = 0; path = MazeTests.xctest; sourceTree = BUILT_PRODUCTS_DIR; };
		9FF644E3207FC02700AF291B /* MazeTests.swift */ = {isa = PBXFileReference; lastKnownFileType = sourcecode.swift; path = MazeTests.swift; sourceTree = "<group>"; };
		9FF644E5207FC02700AF291B /* Info.plist */ = {isa = PBXFileReference; lastKnownFileType = text.plist.xml; path = Info.plist; sourceTree = "<group>"; };
		9FF644EA207FC02700AF291B /* MazeUITests.xctest */ = {isa = PBXFileReference; explicitFileType = wrapper.cfbundle; includeInIndex = 0; path = MazeUITests.xctest; sourceTree = BUILT_PRODUCTS_DIR; };
		9FF644EE207FC02700AF291B /* MazeUITests.swift */ = {isa = PBXFileReference; lastKnownFileType = sourcecode.swift; path = MazeUITests.swift; sourceTree = "<group>"; };
		9FF644F0207FC02700AF291B /* Info.plist */ = {isa = PBXFileReference; lastKnownFileType = text.plist.xml; path = Info.plist; sourceTree = "<group>"; };
/* End PBXFileReference section */

/* Begin PBXFrameworksBuildPhase section */
		9FF644C8207FC02700AF291B /* Frameworks */ = {
			isa = PBXFrameworksBuildPhase;
			buildActionMask = 2147483647;
			files = (
			);
			runOnlyForDeploymentPostprocessing = 0;
		};
		9FF644DC207FC02700AF291B /* Frameworks */ = {
			isa = PBXFrameworksBuildPhase;
			buildActionMask = 2147483647;
			files = (
			);
			runOnlyForDeploymentPostprocessing = 0;
		};
		9FF644E7207FC02700AF291B /* Frameworks */ = {
			isa = PBXFrameworksBuildPhase;
			buildActionMask = 2147483647;
			files = (
			);
			runOnlyForDeploymentPostprocessing = 0;
		};
/* End PBXFrameworksBuildPhase section */

/* Begin PBXGroup section */
		9FF644C2207FC02600AF291B = {
			isa = PBXGroup;
			children = (
				9FF644CD207FC02700AF291B /* Maze */,
				9FF644E2207FC02700AF291B /* MazeTests */,
				9FF644ED207FC02700AF291B /* MazeUITests */,
				9FF644CC207FC02700AF291B /* Products */,
			);
			sourceTree = "<group>";
		};
		9FF644CC207FC02700AF291B /* Products */ = {
			isa = PBXGroup;
			children = (
				9FF644CB207FC02700AF291B /* Maze.app */,
				9FF644DF207FC02700AF291B /* MazeTests.xctest */,
				9FF644EA207FC02700AF291B /* MazeUITests.xctest */,
			);
			name = Products;
			sourceTree = "<group>";
		};
		9FF644CD207FC02700AF291B /* Maze */ = {
			isa = PBXGroup;
			children = (
				9FF644CE207FC02700AF291B /* AppDelegate.swift */,
				9FF644D0207FC02700AF291B /* ViewController.swift */,
				9FF644D2207FC02700AF291B /* Main.storyboard */,
				9FF644D5207FC02700AF291B /* Assets.xcassets */,
				9FF644D7207FC02700AF291B /* LaunchScreen.storyboard */,
				9FF644DA207FC02700AF291B /* Info.plist */,
			);
			path = Maze;
			sourceTree = "<group>";
		};
		9FF644E2207FC02700AF291B /* MazeTests */ = {
			isa = PBXGroup;
			children = (
				9FF644E3207FC02700AF291B /* MazeTests.swift */,
				9FF644E5207FC02700AF291B /* Info.plist */,
			);
			path = MazeTests;
			sourceTree = "<group>";
		};
		9FF644ED207FC02700AF291B /* MazeUITests */ = {
			isa = PBXGroup;
			children = (
				9FF644EE207FC02700AF291B /* MazeUITests.swift */,
				9FF644F0207FC02700AF291B /* Info.plist */,
			);
			path = MazeUITests;
			sourceTree = "<group>";
		};
/* End PBXGroup section */

/* Begin PBXNativeTarget section */
		9FF644CA207FC02700AF291B /* Maze */ = {
			isa = PBXNativeTarget;
			buildConfigurationList = 9FF644F3207FC02700AF291B /* Build configuration list for PBXNativeTarget "Maze" */;
			buildPhases = (
				9FF644C7207FC02700AF291B /* Sources */,
				9FF644C8207FC02700AF291B /* Frameworks */,
				9FF644C9207FC02700AF291B /* Resources */,
			);
			buildRules = (
			);
			dependencies = (
			);
			name = Maze;
			productName = Maze;
			productReference = 9FF644CB207FC02700AF291B /* Maze.app */;
			productType = "com.apple.product-type.application";
		};
		9FF644DE207FC02700AF291B /* MazeTests */ = {
			isa = PBXNativeTarget;
			buildConfigurationList = 9FF644F6207FC02700AF291B /* Build configuration list for PBXNativeTarget "MazeTests" */;
			buildPhases = (
				9FF644DB207FC02700AF291B /* Sources */,
				9FF644DC207FC02700AF291B /* Frameworks */,
				9FF644DD207FC02700AF291B /* Resources */,
			);
			buildRules = (
			);
			dependencies = (
				9FF644E1207FC02700AF291B /* PBXTargetDependency */,
			);
			name = MazeTests;
			productName = MazeTests;
			productReference = 9FF644DF207FC02700AF291B /* MazeTests.xctest */;
			productType = "com.apple.product-type.bundle.unit-test";
		};
		9FF644E9207FC02700AF291B /* MazeUITests */ = {
			isa = PBXNativeTarget;
			buildConfigurationList = 9FF644F9207FC02700AF291B /* Build configuration list for PBXNativeTarget "MazeUITests" */;
			buildPhases = (
				9FF644E6207FC02700AF291B /* Sources */,
				9FF644E7207FC02700AF291B /* Frameworks */,
				9FF644E8207FC02700AF291B /* Resources */,
			);
			buildRules = (
			);
			dependencies = (
				9FF644EC207FC02700AF291B /* PBXTargetDependency */,
			);
			name = MazeUITests;
			productName = MazeUITests;
			productReference = 9FF644EA207FC02700AF291B /* MazeUITests.xctest */;
			productType = "com.apple.product-type.bundle.ui-testing";
		};
/* End PBXNativeTarget section */

/* Begin PBXProject section */
		9FF644C3207FC02600AF291B /* Project object */ = {
			isa = PBXProject;
			attributes = {
				LastSwiftUpdateCheck = 0920;
				LastUpgradeCheck = 0920;
				ORGANIZATIONNAME = "田嶋智洋";
				TargetAttributes = {
					9FF644CA207FC02700AF291B = {
						CreatedOnToolsVersion = 9.2;
						ProvisioningStyle = Automatic;
					};
					9FF644DE207FC02700AF291B = {
						CreatedOnToolsVersion = 9.2;
						ProvisioningStyle = Automatic;
						TestTargetID = 9FF644CA207FC02700AF291B;
					};
					9FF644E9207FC02700AF291B = {
						CreatedOnToolsVersion = 9.2;
						ProvisioningStyle = Automatic;
						TestTargetID = 9FF644CA207FC02700AF291B;
					};
				};
			};
			buildConfigurationList = 9FF644C6207FC02600AF291B /* Build configuration list for PBXProject "Maze" */;
			compatibilityVersion = "Xcode 8.0";
			developmentRegion = en;
			hasScannedForEncodings = 0;
			knownRegions = (
				en,
				Base,
			);
			mainGroup = 9FF644C2207FC02600AF291B;
			productRefGroup = 9FF644CC207FC02700AF291B /* Products */;
			projectDirPath = "";
			projectRoot = "";
			targets = (
				9FF644CA207FC02700AF291B /* Maze */,
				9FF644DE207FC02700AF291B /* MazeTests */,
				9FF644E9207FC02700AF291B /* MazeUITests */,
			);
		};
/* End PBXProject section */

/* Begin PBXResourcesBuildPhase section */
		9FF644C9207FC02700AF291B /* Resources */ = {
			isa = PBXResourcesBuildPhase;
			buildActionMask = 2147483647;
			files = (
				9FF644D9207FC02700AF291B /* LaunchScreen.storyboard in Resources */,
				9FF644D6207FC02700AF291B /* Assets.xcassets in Resources */,
				9FF644D4207FC02700AF291B /* Main.storyboard in Resources */,
			);
			runOnlyForDeploymentPostprocessing = 0;
		};
		9FF644DD207FC02700AF291B /* Resources */ = {
			isa = PBXResourcesBuildPhase;
			buildActionMask = 2147483647;
			files = (
			);
			runOnlyForDeploymentPostprocessing = 0;
		};
		9FF644E8207FC02700AF291B /* Resources */ = {
			isa = PBXResourcesBuildPhase;
			buildActionMask = 2147483647;
			files = (
			);
			runOnlyForDeploymentPostprocessing = 0;
		};
/* End PBXResourcesBuildPhase section */

/* Begin PBXSourcesBuildPhase section */
		9FF644C7207FC02700AF291B /* Sources */ = {
			isa = PBXSourcesBuildPhase;
			buildActionMask = 2147483647;
			files = (
				9FF644D1207FC02700AF291B /* ViewController.swift in Sources */,
				9FF644CF207FC02700AF291B /* AppDelegate.swift in Sources */,
			);
			runOnlyForDeploymentPostprocessing = 0;
		};
		9FF644DB207FC02700AF291B /* Sources */ = {
			isa = PBXSourcesBuildPhase;
			buildActionMask = 2147483647;
			files = (
				9FF644E4207FC02700AF291B /* MazeTests.swift in Sources */,
			);
			runOnlyForDeploymentPostprocessing = 0;
		};
		9FF644E6207FC02700AF291B /* Sources */ = {
			isa = PBXSourcesBuildPhase;
			buildActionMask = 2147483647;
			files = (
				9FF644EF207FC02700AF291B /* MazeUITests.swift in Sources */,
			);
			runOnlyForDeploymentPostprocessing = 0;
		};
/* End PBXSourcesBuildPhase section */

/* Begin PBXTargetDependency section */
		9FF644E1207FC02700AF291B /* PBXTargetDependency */ = {
			isa = PBXTargetDependency;
			target = 9FF644CA207FC02700AF291B /* Maze */;
			targetProxy = 9FF644E0207FC02700AF291B /* PBXContainerItemProxy */;
		};
		9FF644EC207FC02700AF291B /* PBXTargetDependency */ = {
			isa = PBXTargetDependency;
			target = 9FF644CA207FC02700AF291B /* Maze */;
			targetProxy = 9FF644EB207FC02700AF291B /* PBXContainerItemProxy */;
		};
/* End PBXTargetDependency section */

/* Begin PBXVariantGroup section */
		9FF644D2207FC02700AF291B /* Main.storyboard */ = {
			isa = PBXVariantGroup;
			children = (
				9FF644D3207FC02700AF291B /* Base */,
			);
			name = Main.storyboard;
			sourceTree = "<group>";
		};
		9FF644D7207FC02700AF291B /* LaunchScreen.storyboard */ = {
			isa = PBXVariantGroup;
			children = (
				9FF644D8207FC02700AF291B /* Base */,
			);
			name = LaunchScreen.storyboard;
			sourceTree = "<group>";
		};
/* End PBXVariantGroup section */

/* Begin XCBuildConfiguration section */
		9FF644F1207FC02700AF291B /* Debug */ = {
			isa = XCBuildConfiguration;
			buildSettings = {
				ALWAYS_SEARCH_USER_PATHS = NO;
				CLANG_ANALYZER_NONNULL = YES;
				CLANG_ANALYZER_NUMBER_OBJECT_CONVERSION = YES_AGGRESSIVE;
				CLANG_CXX_LANGUAGE_STANDARD = "gnu++14";
				CLANG_CXX_LIBRARY = "libc++";
				CLANG_ENABLE_MODULES = YES;
				CLANG_ENABLE_OBJC_ARC = YES;
				CLANG_WARN_BLOCK_CAPTURE_AUTORELEASING = YES;
				CLANG_WARN_BOOL_CONVERSION = YES;
				CLANG_WARN_COMMA = YES;
				CLANG_WARN_CONSTANT_CONVERSION = YES;
				CLANG_WARN_DIRECT_OBJC_ISA_USAGE = YES_ERROR;
				CLANG_WARN_DOCUMENTATION_COMMENTS = YES;
				CLANG_WARN_EMPTY_BODY = YES;
				CLANG_WARN_ENUM_CONVERSION = YES;
				CLANG_WARN_INFINITE_RECURSION = YES;
				CLANG_WARN_INT_CONVERSION = YES;
				CLANG_WARN_NON_LITERAL_NULL_CONVERSION = YES;
				CLANG_WARN_OBJC_LITERAL_CONVERSION = YES;
				CLANG_WARN_OBJC_ROOT_CLASS = YES_ERROR;
				CLANG_WARN_RANGE_LOOP_ANALYSIS = YES;
				CLANG_WARN_STRICT_PROTOTYPES = YES;
				CLANG_WARN_SUSPICIOUS_MOVE = YES;
				CLANG_WARN_UNGUARDED_AVAILABILITY = YES_AGGRESSIVE;
				CLANG_WARN_UNREACHABLE_CODE = YES;
				CLANG_WARN__DUPLICATE_METHOD_MATCH = YES;
				CODE_SIGN_IDENTITY = "iPhone Developer";
				COPY_PHASE_STRIP = NO;
				DEBUG_INFORMATION_FORMAT = dwarf;
				ENABLE_STRICT_OBJC_MSGSEND = YES;
				ENABLE_TESTABILITY = YES;
				GCC_C_LANGUAGE_STANDARD = gnu11;
				GCC_DYNAMIC_NO_PIC = NO;
				GCC_NO_COMMON_BLOCKS = YES;
				GCC_OPTIMIZATION_LEVEL = 0;
				GCC_PREPROCESSOR_DEFINITIONS = (
					"DEBUG=1",
					"$(inherited)",
				);
				GCC_WARN_64_TO_32_BIT_CONVERSION = YES;
				GCC_WARN_ABOUT_RETURN_TYPE = YES_ERROR;
				GCC_WARN_UNDECLARED_SELECTOR = YES;
				GCC_WARN_UNINITIALIZED_AUTOS = YES_AGGRESSIVE;
				GCC_WARN_UNUSED_FUNCTION = YES;
				GCC_WARN_UNUSED_VARIABLE = YES;
				IPHONEOS_DEPLOYMENT_TARGET = 11.2;
				MTL_ENABLE_DEBUG_INFO = YES;
				ONLY_ACTIVE_ARCH = YES;
				SDKROOT = iphoneos;
				SWIFT_ACTIVE_COMPILATION_CONDITIONS = DEBUG;
				SWIFT_OPTIMIZATION_LEVEL = "-Onone";
			};
			name = Debug;
		};
		9FF644F2207FC02700AF291B /* Release */ = {
			isa = XCBuildConfiguration;
			buildSettings = {
				ALWAYS_SEARCH_USER_PATHS = NO;
				CLANG_ANALYZER_NONNULL = YES;
				CLANG_ANALYZER_NUMBER_OBJECT_CONVERSION = YES_AGGRESSIVE;
				CLANG_CXX_LANGUAGE_STANDARD = "gnu++14";
				CLANG_CXX_LIBRARY = "libc++";
				CLANG_ENABLE_MODULES = YES;
				CLANG_ENABLE_OBJC_ARC = YES;
				CLANG_WARN_BLOCK_CAPTURE_AUTORELEASING = YES;
				CLANG_WARN_BOOL_CONVERSION = YES;
				CLANG_WARN_COMMA = YES;
				CLANG_WARN_CONSTANT_CONVERSION = YES;
				CLANG_WARN_DIRECT_OBJC_ISA_USAGE = YES_ERROR;
				CLANG_WARN_DOCUMENTATION_COMMENTS = YES;
				CLANG_WARN_EMPTY_BODY = YES;
				CLANG_WARN_ENUM_CONVERSION = YES;
				CLANG_WARN_INFINITE_RECURSION = YES;
				CLANG_WARN_INT_CONVERSION = YES;
				CLANG_WARN_NON_LITERAL_NULL_CONVERSION = YES;
				CLANG_WARN_OBJC_LITERAL_CONVERSION = YES;
				CLANG_WARN_OBJC_ROOT_CLASS = YES_ERROR;
				CLANG_WARN_RANGE_LOOP_ANALYSIS = YES;
				CLANG_WARN_STRICT_PROTOTYPES = YES;
				CLANG_WARN_SUSPICIOUS_MOVE = YES;
				CLANG_WARN_UNGUARDED_AVAILABILITY = YES_AGGRESSIVE;
				CLANG_WARN_UNREACHABLE_CODE = YES;
				CLANG_WARN__DUPLICATE_METHOD_MATCH = YES;
				CODE_SIGN_IDENTITY = "iPhone Developer";
				COPY_PHASE_STRIP = NO;
				DEBUG_INFORMATION_FORMAT = "dwarf-with-dsym";
				ENABLE_NS_ASSERTIONS = NO;
				ENABLE_STRICT_OBJC_MSGSEND = YES;
				GCC_C_LANGUAGE_STANDARD = gnu11;
				GCC_NO_COMMON_BLOCKS = YES;
				GCC_WARN_64_TO_32_BIT_CONVERSION = YES;
				GCC_WARN_ABOUT_RETURN_TYPE = YES_ERROR;
				GCC_WARN_UNDECLARED_SELECTOR = YES;
				GCC_WARN_UNINITIALIZED_AUTOS = YES_AGGRESSIVE;
				GCC_WARN_UNUSED_FUNCTION = YES;
				GCC_WARN_UNUSED_VARIABLE = YES;
				IPHONEOS_DEPLOYMENT_TARGET = 11.2;
				MTL_ENABLE_DEBUG_INFO = NO;
				SDKROOT = iphoneos;
				SWIFT_OPTIMIZATION_LEVEL = "-Owholemodule";
				VALIDATE_PRODUCT = YES;
			};
			name = Release;
		};
		9FF644F4207FC02700AF291B /* Debug */ = {
			isa = XCBuildConfiguration;
			buildSettings = {
				ASSETCATALOG_COMPILER_APPICON_NAME = AppIcon;
				CODE_SIGN_STYLE = Automatic;
				DEVELOPMENT_TEAM = GH466Z9456;
				INFOPLIST_FILE = Maze/Info.plist;
				LD_RUNPATH_SEARCH_PATHS = "$(inherited) @executable_path/Frameworks";
				PRODUCT_BUNDLE_IDENTIFIER = com.kapiha.Maze;
				PRODUCT_NAME = "$(TARGET_NAME)";
				SWIFT_VERSION = 4.0;
				TARGETED_DEVICE_FAMILY = "1,2";
			};
			name = Debug;
		};
		9FF644F5207FC02700AF291B /* Release */ = {
			isa = XCBuildConfiguration;
			buildSettings = {
				ASSETCATALOG_COMPILER_APPICON_NAME = AppIcon;
				CODE_SIGN_STYLE = Automatic;
				DEVELOPMENT_TEAM = GH466Z9456;
				INFOPLIST_FILE = Maze/Info.plist;
				LD_RUNPATH_SEARCH_PATHS = "$(inherited) @executable_path/Frameworks";
				PRODUCT_BUNDLE_IDENTIFIER = com.kapiha.Maze;
				PRODUCT_NAME = "$(TARGET_NAME)";
				SWIFT_VERSION = 4.0;
				TARGETED_DEVICE_FAMILY = "1,2";
			};
			name = Release;
		};
		9FF644F7207FC02700AF291B /* Debug */ = {
			isa = XCBuildConfiguration;
			buildSettings = {
				ALWAYS_EMBED_SWIFT_STANDARD_LIBRARIES = YES;
				BUNDLE_LOADER = "$(TEST_HOST)";
				CODE_SIGN_STYLE = Automatic;
				DEVELOPMENT_TEAM = GH466Z9456;
				INFOPLIST_FILE = MazeTests/Info.plist;
				LD_RUNPATH_SEARCH_PATHS = "$(inherited) @executable_path/Frameworks @loader_path/Frameworks";
				PRODUCT_BUNDLE_IDENTIFIER = com.kapiha.MazeTests;
				PRODUCT_NAME = "$(TARGET_NAME)";
				SWIFT_VERSION = 4.0;
				TARGETED_DEVICE_FAMILY = "1,2";
				TEST_HOST = "$(BUILT_PRODUCTS_DIR)/Maze.app/Maze";
			};
			name = Debug;
		};
		9FF644F8207FC02700AF291B /* Release */ = {
			isa = XCBuildConfiguration;
			buildSettings = {
				ALWAYS_EMBED_SWIFT_STANDARD_LIBRARIES = YES;
				BUNDLE_LOADER = "$(TEST_HOST)";
				CODE_SIGN_STYLE = Automatic;
				DEVELOPMENT_TEAM = GH466Z9456;
				INFOPLIST_FILE = MazeTests/Info.plist;
				LD_RUNPATH_SEARCH_PATHS = "$(inherited) @executable_path/Frameworks @loader_path/Frameworks";
				PRODUCT_BUNDLE_IDENTIFIER = com.kapiha.MazeTests;
				PRODUCT_NAME = "$(TARGET_NAME)";
				SWIFT_VERSION = 4.0;
				TARGETED_DEVICE_FAMILY = "1,2";
				TEST_HOST = "$(BUILT_PRODUCTS_DIR)/Maze.app/Maze";
			};
			name = Release;
		};
		9FF644FA207FC02700AF291B /* Debug */ = {
			isa = XCBuildConfiguration;
			buildSettings = {
				ALWAYS_EMBED_SWIFT_STANDARD_LIBRARIES = YES;
				CODE_SIGN_STYLE = Automatic;
				DEVELOPMENT_TEAM = GH466Z9456;
				INFOPLIST_FILE = MazeUITests/Info.plist;
				LD_RUNPATH_SEARCH_PATHS = "$(inherited) @executable_path/Frameworks @loader_path/Frameworks";
				PRODUCT_BUNDLE_IDENTIFIER = com.kapiha.MazeUITests;
				PRODUCT_NAME = "$(TARGET_NAME)";
				SWIFT_VERSION = 4.0;
				TARGETED_DEVICE_FAMILY = "1,2";
				TEST_TARGET_NAME = Maze;
			};
			name = Debug;
		};
		9FF644FB207FC02700AF291B /* Release */ = {
			isa = XCBuildConfiguration;
			buildSettings = {
				ALWAYS_EMBED_SWIFT_STANDARD_LIBRARIES = YES;
				CODE_SIGN_STYLE = Automatic;
				DEVELOPMENT_TEAM = GH466Z9456;
				INFOPLIST_FILE = MazeUITests/Info.plist;
				LD_RUNPATH_SEARCH_PATHS = "$(inherited) @executable_path/Frameworks @loader_path/Frameworks";
				PRODUCT_BUNDLE_IDENTIFIER = com.kapiha.MazeUITests;
				PRODUCT_NAME = "$(TARGET_NAME)";
				SWIFT_VERSION = 4.0;
				TARGETED_DEVICE_FAMILY = "1,2";
				TEST_TARGET_NAME = Maze;
			};
			name = Release;
		};
/* End XCBuildConfiguration section */

/* Begin XCConfigurationList section */
		9FF644C6207FC02600AF291B /* Build configuration list for PBXProject "Maze" */ = {
			isa = XCConfigurationList;
			buildConfigurations = (
				9FF644F1207FC02700AF291B /* Debug */,
				9FF644F2207FC02700AF291B /* Release */,
			);
			defaultConfigurationIsVisible = 0;
			defaultConfigurationName = Release;
		};
		9FF644F3207FC02700AF291B /* Build configuration list for PBXNativeTarget "Maze" */ = {
			isa = XCConfigurationList;
			buildConfigurations = (
				9FF644F4207FC02700AF291B /* Debug */,
				9FF644F5207FC02700AF291B /* Release */,
			);
			defaultConfigurationIsVisible = 0;
			defaultConfigurationName = Release;
		};
		9FF644F6207FC02700AF291B /* Build configuration list for PBXNativeTarget "MazeTests" */ = {
			isa = XCConfigurationList;
			buildConfigurations = (
				9FF644F7207FC02700AF291B /* Debug */,
				9FF644F8207FC02700AF291B /* Release */,
			);
			defaultConfigurationIsVisible = 0;
			defaultConfigurationName = Release;
		};
		9FF644F9207FC02700AF291B /* Build configuration list for PBXNativeTarget "MazeUITests" */ = {
			isa = XCConfigurationList;
			buildConfigurations = (
				9FF644FA207FC02700AF291B /* Debug */,
				9FF644FB207FC02700AF291B /* Release */,
			);
			defaultConfigurationIsVisible = 0;
			defaultConfigurationName = Release;
		};
/* End XCConfigurationList section */
	};
	rootObject = 9FF644C3207FC02600AF291B /* Project object */;
}
